
Microsoft Visual Studio Solution File, Format Version 12.00
# Visual Studio Version 17
VisualStudioVersion = 17.0.32112.339
MinimumVisualStudioVersion = 10.0.40219.1
Project("{9A19103F-16F7-4668-BE54-9A1E7A4F7556}") = "SampleWeb01", "SampleWeb01\SampleWeb01.csproj", "{8BC5A248-8FBF-412E-8BD2-96BC53FBF80D}"
EndProject
Project("{9A19103F-16F7-4668-BE54-9A1E7A4F7556}") = "Merino", "merino\Merino.csproj", "{18BF007A-92F9-4DCF-B81A-899187606396}"
EndProject
Project("{9A19103F-16F7-4668-BE54-9A1E7A4F7556}") = "UT_TEST", "UT_TEST\UT_TEST.csproj", "{479A32D1-E8BD-460F-9DEA-D517E34FC2D0}"
EndProject
Project("{9A19103F-16F7-4668-BE54-9A1E7A4F7556}") = "SampleWeb01.Infrastructure", "SampleWeb01.Infrastructure\SampleWeb01.Infrastructure.csproj", "{BA48F01B-B097-4CCE-AACC-187B0D4171C8}"
EndProject
Project("{FAE04EC0-301F-11D3-BF4B-00C04F79EFBC}") = "SampleWeb01.Application", "SampleWeb01.Application\SampleWeb01.Application.csproj", "{DF51B896-85CA-4621-B941-C594325848A6}"
EndProject
Global
	GlobalSection(SolutionConfigurationPlatforms) = preSolution
		Debug|Any CPU = Debug|Any CPU
		Release|Any CPU = Release|Any CPU
	EndGlobalSection
	GlobalSection(ProjectConfigurationPlatforms) = postSolution
		{8BC5A248-8FBF-412E-8BD2-96BC53FBF80D}.Debug|Any CPU.ActiveCfg = Debug|Any CPU
		{8BC5A248-8FBF-412E-8BD2-96BC53FBF80D}.Debug|Any CPU.Build.0 = Debug|Any CPU
		{8BC5A248-8FBF-412E-8BD2-96BC53FBF80D}.Release|Any CPU.ActiveCfg = Release|Any CPU
		{8BC5A248-8FBF-412E-8BD2-96BC53FBF80D}.Release|Any CPU.Build.0 = Release|Any CPU
		{18BF007A-92F9-4DCF-B81A-899187606396}.Debug|Any CPU.ActiveCfg = Debug|Any CPU
		{18BF007A-92F9-4DCF-B81A-899187606396}.Debug|Any CPU.Build.0 = Debug|Any CPU
		{18BF007A-92F9-4DCF-B81A-899187606396}.Release|Any CPU.ActiveCfg = Release|Any CPU
		{18BF007A-92F9-4DCF-B81A-899187606396}.Release|Any CPU.Build.0 = Release|Any CPU
		{479A32D1-E8BD-460F-9DEA-D517E34FC2D0}.Debug|Any CPU.ActiveCfg = Debug|Any CPU
		{479A32D1-E8BD-460F-9DEA-D517E34FC2D0}.Debug|Any CPU.Build.0 = Debug|Any CPU
		{479A32D1-E8BD-460F-9DEA-D517E34FC2D0}.Release|Any CPU.ActiveCfg = Release|Any CPU
		{479A32D1-E8BD-460F-9DEA-D517E34FC2D0}.Release|Any CPU.Build.0 = Release|Any CPU
		{BA48F01B-B097-4CCE-AACC-187B0D4171C8}.Debug|Any CPU.ActiveCfg = Debug|Any CPU
		{BA48F01B-B097-4CCE-AACC-187B0D4171C8}.Debug|Any CPU.Build.0 = Debug|Any CPU
		{BA48F01B-B097-4CCE-AACC-187B0D4171C8}.Release|Any CPU.ActiveCfg = Release|Any CPU
		{BA48F01B-B097-4CCE-AACC-187B0D4171C8}.Release|Any CPU.Build.0 = Release|Any CPU
		{DF51B896-85CA-4621-B941-C594325848A6}.Debug|Any CPU.ActiveCfg = Debug|Any CPU
		{DF51B896-85CA-4621-B941-C594325848A6}.Debug|Any CPU.Build.0 = Debug|Any CPU
		{DF51B896-85CA-4621-B941-C594325848A6}.Release|Any CPU.ActiveCfg = Release|Any CPU
		{DF51B896-85CA-4621-B941-C594325848A6}.Release|Any CPU.Build.0 = Release|Any CPU
	EndGlobalSection
	GlobalSection(SolutionProperties) = preSolution
		HideSolutionNode = FALSE
	EndGlobalSection
	GlobalSection(ExtensibilityGlobals) = postSolution
		SolutionGuid = {B557C212-3F39-442B-AE65-EF3AEA68408B}
	EndGlobalSection
EndGlobal
