
Microsoft Visual Studio Solution File, Format Version 12.00
# Visual Studio Version 17
VisualStudioVersion = 17.0.32112.339
MinimumVisualStudioVersion = 10.0.40219.1
Project("{FAE04EC0-301F-11D3-BF4B-00C04F79EFBC}") = "yuta_SampleWeb01", "yuta_SampleWeb01\yuta_SampleWeb01.csproj", "{8BC5A248-8FBF-412E-8BD2-96BC53FBF80D}"
EndProject
Global
	GlobalSection(SolutionConfigurationPlatforms) = preSolution
		Debug|Any CPU = Debug|Any CPU
		Release|Any CPU = Release|Any CPU
	EndGlobalSection
	GlobalSection(ProjectConfigurationPlatforms) = postSolution
		{8BC5A248-8FBF-412E-8BD2-96BC53FBF80D}.Debug|Any CPU.ActiveCfg = Debug|Any CPU
		{8BC5A248-8FBF-412E-8BD2-96BC53FBF80D}.Debug|Any CPU.Build.0 = Debug|Any CPU
		{8BC5A248-8FBF-412E-8BD2-96BC53FBF80D}.Release|Any CPU.ActiveCfg = Release|Any CPU
		{8BC5A248-8FBF-412E-8BD2-96BC53FBF80D}.Release|Any CPU.Build.0 = Release|Any CPU
	EndGlobalSection
	GlobalSection(SolutionProperties) = preSolution
		HideSolutionNode = FALSE
	EndGlobalSection
	GlobalSection(ExtensibilityGlobals) = postSolution
		SolutionGuid = {B557C212-3F39-442B-AE65-EF3AEA68408B}
	EndGlobalSection
EndGlobal
